
Microsoft Visual Studio Solution File, Format Version 12.00
# Visual Studio Version 16
VisualStudioVersion = 16.0.29020.237
MinimumVisualStudioVersion = 10.0.40219.1
Project("{FAE04EC0-301F-11D3-BF4B-00C04F79EFBC}") = "PicSliderSS", "PicSliderSS\PicSliderSS.csproj", "{2AECA0CA-F130-4F5B-8E03-C886DE79E571}"
EndProject
Global
	GlobalSection(SolutionConfigurationPlatforms) = preSolution
		Debug|Any CPU = Debug|Any CPU
		Release|Any CPU = Release|Any CPU
	EndGlobalSection
	GlobalSection(ProjectConfigurationPlatforms) = postSolution
		{2AECA0CA-F130-4F5B-8E03-C886DE79E571}.Debug|Any CPU.ActiveCfg = Debug|Any CPU
		{2AECA0CA-F130-4F5B-8E03-C886DE79E571}.Debug|Any CPU.Build.0 = Debug|Any CPU
		{2AECA0CA-F130-4F5B-8E03-C886DE79E571}.Release|Any CPU.ActiveCfg = Release|Any CPU
		{2AECA0CA-F130-4F5B-8E03-C886DE79E571}.Release|Any CPU.Build.0 = Release|Any CPU
	EndGlobalSection
	GlobalSection(SolutionProperties) = preSolution
		HideSolutionNode = FALSE
	EndGlobalSection
	GlobalSection(ExtensibilityGlobals) = postSolution
		SolutionGuid = {F1D8DBD4-1D60-4F4B-B5BA-E1A4C6BF044A}
	EndGlobalSection
EndGlobal
